
Microsoft Visual Studio Solution File, Format Version 12.00
# Visual Studio Version 17
VisualStudioVersion = 17.4.33213.308
MinimumVisualStudioVersion = 10.0.40219.1
Project("{9A19103F-16F7-4668-BE54-9A1E7A4F7556}") = "exam-linq", "exam-linq.csproj", "{FA05FE2E-987F-4AAE-A5FC-F58122C4ADEC}"
EndProject
Global
	GlobalSection(SolutionConfigurationPlatforms) = preSolution
		Debug|Any CPU = Debug|Any CPU
		Release|Any CPU = Release|Any CPU
	EndGlobalSection
	GlobalSection(ProjectConfigurationPlatforms) = postSolution
		{FA05FE2E-987F-4AAE-A5FC-F58122C4ADEC}.Debug|Any CPU.ActiveCfg = Debug|Any CPU
		{FA05FE2E-987F-4AAE-A5FC-F58122C4ADEC}.Debug|Any CPU.Build.0 = Debug|Any CPU
		{FA05FE2E-987F-4AAE-A5FC-F58122C4ADEC}.Release|Any CPU.ActiveCfg = Release|Any CPU
		{FA05FE2E-987F-4AAE-A5FC-F58122C4ADEC}.Release|Any CPU.Build.0 = Release|Any CPU
	EndGlobalSection
	GlobalSection(SolutionProperties) = preSolution
		HideSolutionNode = FALSE
	EndGlobalSection
	GlobalSection(ExtensibilityGlobals) = postSolution
		SolutionGuid = {FF94641B-FFED-4197-9F5F-8BFA4B9D32D8}
	EndGlobalSection
EndGlobal
